github.com/AmadeusHovden/funtemps v0.0.0-20230217092107-8673bfbd13ad h1:P4H2Vj8bG42+m3RLwUPlN9vYFdim/wQ3uIBcsUAzBrk=
github.com/AmadeusHovden/funtemps v0.0.0-20230217092107-8673bfbd13ad/go.mod h1:S+pqo0NpTjqkLRNiG24H50GoGzw6Ug7xLT/DwMnq8nk=
github.com/AmadeusHovden/funtemps v0.0.0-20230420084812-5a415d1b38ae h1:B7XxTy9fS5FFx5F2PI56787Q8VEMWfqCe94TcsiFe+0=
github.com/AmadeusHovden/funtemps v0.0.0-20230420084812-5a415d1b38ae/go.mod h1:S+pqo0NpTjqkLRNiG24H50GoGzw6Ug7xLT/DwMnq8nk=
github.com/AmadeusHovden/is105sem03 v0.0.0-20230418090442-615381ebb5db h1:+iMpEJCqDqFaj/FtKzbhSR7FP5V4l2nuZ3npnhzyDbo=
github.com/AmadeusHovden/is105sem03 v0.0.0-20230418090442-615381ebb5db/go.mod h1:VpGBeZCUMfakTNiRxQlHRPxa4UyXn9vVo0L27E6UAhs=
